lockfileVersion: '9.0'

settings:
  autoInstallPeers: true
  excludeLinksFromLockfile: false

overrides:
  '@mastra/core': link:../../../mastra-ai/0.x/packages/core
  '@mastra/observability': link:../../../mastra-ai/0.x/observability/mastra
  '@mastra/langfuse': link:../../../mastra-ai/0.x/observability/langfuse
  '@mastra/libsql': link:../../../mastra-ai/0.x/stores/libsql
  '@mastra/braintrust': link:../../../mastra-ai/0.x/observability/braintrust
  '@mastra/memory': link:../../../mastra-ai/0.x/packages/memory

importers:

  .:
    dependencies:
      '@ai-sdk/provider-v5':
        specifier: npm:@ai-sdk/provider@2.0.0
        version: '@ai-sdk/provider@2.0.0'
      '@mastra/braintrust':
        specifier: link:../../../mastra-ai/0.x/observability/braintrust
        version: link:../../../mastra-ai/0.x/observability/braintrust
      '@mastra/core':
        specifier: link:../../../mastra-ai/0.x/packages/core
        version: link:../../../mastra-ai/0.x/packages/core
      '@mastra/langfuse':
        specifier: link:../../../mastra-ai/0.x/observability/langfuse
        version: link:../../../mastra-ai/0.x/observability/langfuse
      '@mastra/libsql':
        specifier: link:../../../mastra-ai/0.x/stores/libsql
        version: link:../../../mastra-ai/0.x/stores/libsql
      '@mastra/memory':
        specifier: link:../../../mastra-ai/0.x/packages/memory
        version: link:../../../mastra-ai/0.x/packages/memory
      '@mastra/observability':
        specifier: link:../../../mastra-ai/0.x/observability/mastra
        version: link:../../../mastra-ai/0.x/observability/mastra
      '@sentry/node':
        specifier: ^8.0.0
        version: 8.55.0
      dotenv:
        specifier: ^16.4.5
        version: 16.6.1
      zod:
        specifier: ^3.25.76
        version: 3.25.76
    devDependencies:
      '@types/node':
        specifier: ^22.10.0
        version: 22.19.1
      tsx:
        specifier: ^4.19.0
        version: 4.21.0
      typescript:
        specifier: ^5.7.2
        version: 5.9.3

packages:

  '@ai-sdk/provider@2.0.0':
    resolution: {integrity: sha512-6o7Y2SeO9vFKB8lArHXehNuusnpddKPk7xqL7T2/b+OvXMRIXUO1rR4wcv1hAFUAT9avGZshty3Wlua/XA7TvA==}
    engines: {node: '>=18'}

  '@esbuild/aix-ppc64@0.27.1':
    resolution: {integrity: sha512-HHB50pdsBX6k47S4u5g/CaLjqS3qwaOVE5ILsq64jyzgMhLuCuZ8rGzM9yhsAjfjkbgUPMzZEPa7DAp7yz6vuA==}
    engines: {node: '>=18'}
    cpu: [ppc64]
    os: [aix]

  '@esbuild/android-arm64@0.27.1':
    resolution: {integrity: sha512-45fuKmAJpxnQWixOGCrS+ro4Uvb4Re9+UTieUY2f8AEc+t7d4AaZ6eUJ3Hva7dtrxAAWHtlEFsXFMAgNnGU9uQ==}
    engines: {node: '>=18'}
    cpu: [arm64]
    os: [android]

  '@esbuild/android-arm@0.27.1':
    resolution: {integrity: sha512-kFqa6/UcaTbGm/NncN9kzVOODjhZW8e+FRdSeypWe6j33gzclHtwlANs26JrupOntlcWmB0u8+8HZo8s7thHvg==}
    engines: {node: '>=18'}
    cpu: [arm]
    os: [android]

  '@esbuild/android-x64@0.27.1':
    resolution: {integrity: sha512-LBEpOz0BsgMEeHgenf5aqmn/lLNTFXVfoWMUox8CtWWYK9X4jmQzWjoGoNb8lmAYml/tQ/Ysvm8q7szu7BoxRQ==}
    engines: {node: '>=18'}
    cpu: [x64]
    os: [android]

  '@esbuild/darwin-arm64@0.27.1':
    resolution: {integrity: sha512-veg7fL8eMSCVKL7IW4pxb54QERtedFDfY/ASrumK/SbFsXnRazxY4YykN/THYqFnFwJ0aVjiUrVG2PwcdAEqQQ==}
    engines: {node: '>=18'}
    cpu: [arm64]
    os: [darwin]

  '@esbuild/darwin-x64@0.27.1':
    resolution: {integrity: sha512-+3ELd+nTzhfWb07Vol7EZ+5PTbJ/u74nC6iv4/lwIU99Ip5uuY6QoIf0Hn4m2HoV0qcnRivN3KSqc+FyCHjoVQ==}
    engines: {node: '>=18'}
    cpu: [x64]
    os: [darwin]

  '@esbuild/freebsd-arm64@0.27.1':
    resolution: {integrity: sha512-/8Rfgns4XD9XOSXlzUDepG8PX+AVWHliYlUkFI3K3GB6tqbdjYqdhcb4BKRd7C0BhZSoaCxhv8kTcBrcZWP+xg==}
    engines: {node: '>=18'}
    cpu: [arm64]
    os: [freebsd]

  '@esbuild/freebsd-x64@0.27.1':
    resolution: {integrity: sha512-GITpD8dK9C+r+5yRT/UKVT36h/DQLOHdwGVwwoHidlnA168oD3uxA878XloXebK4Ul3gDBBIvEdL7go9gCUFzQ==}
    engines: {node: '>=18'}
    cpu: [x64]
    os: [freebsd]

  '@esbuild/linux-arm64@0.27.1':
    resolution: {integrity: sha512-W9//kCrh/6in9rWIBdKaMtuTTzNj6jSeG/haWBADqLLa9P8O5YSRDzgD5y9QBok4AYlzS6ARHifAb75V6G670Q==}
    engines: {node: '>=18'}
    cpu: [arm64]
    os: [linux]

  '@esbuild/linux-arm@0.27.1':
    resolution: {integrity: sha512-ieMID0JRZY/ZeCrsFQ3Y3NlHNCqIhTprJfDgSB3/lv5jJZ8FX3hqPyXWhe+gvS5ARMBJ242PM+VNz/ctNj//eA==}
    engines: {node: '>=18'}
    cpu: [arm]
    os: [linux]

  '@esbuild/linux-ia32@0.27.1':
    resolution: {integrity: sha512-VIUV4z8GD8rtSVMfAj1aXFahsi/+tcoXXNYmXgzISL+KB381vbSTNdeZHHHIYqFyXcoEhu9n5cT+05tRv13rlw==}
    engines: {node: '>=18'}
    cpu: [ia32]
    os: [linux]

  '@esbuild/linux-loong64@0.27.1':
    resolution: {integrity: sha512-l4rfiiJRN7sTNI//ff65zJ9z8U+k6zcCg0LALU5iEWzY+a1mVZ8iWC1k5EsNKThZ7XCQ6YWtsZ8EWYm7r1UEsg==}
    engines: {node: '>=18'}
    cpu: [loong64]
    os: [linux]

  '@esbuild/linux-mips64el@0.27.1':
    resolution: {integrity: sha512-U0bEuAOLvO/DWFdygTHWY8C067FXz+UbzKgxYhXC0fDieFa0kDIra1FAhsAARRJbvEyso8aAqvPdNxzWuStBnA==}
    engines: {node: '>=18'}
    cpu: [mips64el]
    os: [linux]

  '@esbuild/linux-ppc64@0.27.1':
    resolution: {integrity: sha512-NzdQ/Xwu6vPSf/GkdmRNsOfIeSGnh7muundsWItmBsVpMoNPVpM61qNzAVY3pZ1glzzAxLR40UyYM23eaDDbYQ==}
    engines: {node: '>=18'}
    cpu: [ppc64]
    os: [linux]

  '@esbuild/linux-riscv64@0.27.1':
    resolution: {integrity: sha512-7zlw8p3IApcsN7mFw0O1Z1PyEk6PlKMu18roImfl3iQHTnr/yAfYv6s4hXPidbDoI2Q0pW+5xeoM4eTCC0UdrQ==}
    engines: {node: '>=18'}
    cpu: [riscv64]
    os: [linux]

  '@esbuild/linux-s390x@0.27.1':
    resolution: {integrity: sha512-cGj5wli+G+nkVQdZo3+7FDKC25Uh4ZVwOAK6A06Hsvgr8WqBBuOy/1s+PUEd/6Je+vjfm6stX0kmib5b/O2Ykw==}
    engines: {node: '>=18'}
    cpu: [s390x]
    os: [linux]

  '@esbuild/linux-x64@0.27.1':
    resolution: {integrity: sha512-z3H/HYI9MM0HTv3hQZ81f+AKb+yEoCRlUby1F80vbQ5XdzEMyY/9iNlAmhqiBKw4MJXwfgsh7ERGEOhrM1niMA==}
    engines: {node: '>=18'}
    cpu: [x64]
    os: [linux]

  '@esbuild/netbsd-arm64@0.27.1':
    resolution: {integrity: sha512-wzC24DxAvk8Em01YmVXyjl96Mr+ecTPyOuADAvjGg+fyBpGmxmcr2E5ttf7Im8D0sXZihpxzO1isus8MdjMCXQ==}
    engines: {node: '>=18'}
    cpu: [arm64]
    os: [netbsd]

  '@esbuild/netbsd-x64@0.27.1':
    resolution: {integrity: sha512-1YQ8ybGi2yIXswu6eNzJsrYIGFpnlzEWRl6iR5gMgmsrR0FcNoV1m9k9sc3PuP5rUBLshOZylc9nqSgymI+TYg==}
    engines: {node: '>=18'}
    cpu: [x64]
    os: [netbsd]

  '@esbuild/openbsd-arm64@0.27.1':
    resolution: {integrity: sha512-5Z+DzLCrq5wmU7RDaMDe2DVXMRm2tTDvX2KU14JJVBN2CT/qov7XVix85QoJqHltpvAOZUAc3ndU56HSMWrv8g==}
    engines: {node: '>=18'}
    cpu: [arm64]
    os: [openbsd]

  '@esbuild/openbsd-x64@0.27.1':
    resolution: {integrity: sha512-Q73ENzIdPF5jap4wqLtsfh8YbYSZ8Q0wnxplOlZUOyZy7B4ZKW8DXGWgTCZmF8VWD7Tciwv5F4NsRf6vYlZtqg==}
    engines: {node: '>=18'}
    cpu: [x64]
    os: [openbsd]

  '@esbuild/openharmony-arm64@0.27.1':
    resolution: {integrity: sha512-ajbHrGM/XiK+sXM0JzEbJAen+0E+JMQZ2l4RR4VFwvV9JEERx+oxtgkpoKv1SevhjavK2z2ReHk32pjzktWbGg==}
    engines: {node: '>=18'}
    cpu: [arm64]
    os: [openharmony]

  '@esbuild/sunos-x64@0.27.1':
    resolution: {integrity: sha512-IPUW+y4VIjuDVn+OMzHc5FV4GubIwPnsz6ubkvN8cuhEqH81NovB53IUlrlBkPMEPxvNnf79MGBoz8rZ2iW8HA==}
    engines: {node: '>=18'}
    cpu: [x64]
    os: [sunos]

  '@esbuild/win32-arm64@0.27.1':
    resolution: {integrity: sha512-RIVRWiljWA6CdVu8zkWcRmGP7iRRIIwvhDKem8UMBjPql2TXM5PkDVvvrzMtj1V+WFPB4K7zkIGM7VzRtFkjdg==}
    engines: {node: '>=18'}
    cpu: [arm64]
    os: [win32]

  '@esbuild/win32-ia32@0.27.1':
    resolution: {integrity: sha512-2BR5M8CPbptC1AK5JbJT1fWrHLvejwZidKx3UMSF0ecHMa+smhi16drIrCEggkgviBwLYd5nwrFLSl5Kho96RQ==}
    engines: {node: '>=18'}
    cpu: [ia32]
    os: [win32]

  '@esbuild/win32-x64@0.27.1':
    resolution: {integrity: sha512-d5X6RMYv6taIymSk8JBP+nxv8DQAMY6A51GPgusqLdK9wBz5wWIXy1KjTck6HnjE9hqJzJRdk+1p/t5soSbCtw==}
    engines: {node: '>=18'}
    cpu: [x64]
    os: [win32]

  '@opentelemetry/api-logs@0.53.0':
    resolution: {integrity: sha512-8HArjKx+RaAI8uEIgcORbZIPklyh1YLjPSBus8hjRmvLi6DeFzgOcdZ7KwPabKj8mXF8dX0hyfAyGfycz0DbFw==}
    engines: {node: '>=14'}

  '@opentelemetry/api-logs@0.57.1':
    resolution: {integrity: sha512-I4PHczeujhQAQv6ZBzqHYEUiggZL4IdSMixtVD3EYqbdrjujE7kRfI5QohjlPoJm8BvenoW5YaTMWRrbpot6tg==}
    engines: {node: '>=14'}

  '@opentelemetry/api-logs@0.57.2':
    resolution: {integrity: sha512-uIX52NnTM0iBh84MShlpouI7UKqkZ7MrUszTmaypHBu4r7NofznSnQRfJ+uUeDtQDj6w8eFGg5KBLDAwAPz1+A==}
    engines: {node: '>=14'}

  '@opentelemetry/api@1.9.0':
    resolution: {integrity: sha512-3giAOQvZiH5F9bMlMiv8+GSPMeqg0dbaeo58/0SlA9sxSqZhnUtxzX9/2FzyhS9sWQf5S0GJE0AKBrFqjpeYcg==}
    engines: {node: '>=8.0.0'}

  '@opentelemetry/context-async-hooks@1.30.1':
    resolution: {integrity: sha512-s5vvxXPVdjqS3kTLKMeBMvop9hbWkwzBpu+mUO2M7sZtlkyDJGwFe33wRKnbaYDo8ExRVBIIdwIGrqpxHuKttA==}
    engines: {node: '>=14'}
    peerDependencies:
      '@opentelemetry/api': '>=1.0.0 <1.10.0'

  '@opentelemetry/core@1.30.1':
    resolution: {integrity: sha512-OOCM2C/QIURhJMuKaekP3TRBxBKxG/TWWA0TL2J6nXUtDnuCtccy49LUJF8xPFXMX+0LMcxFpCo8M9cGY1W6rQ==}
    engines: {node: '>=14'}
    peerDependencies:
      '@opentelemetry/api': '>=1.0.0 <1.10.0'

  '@opentelemetry/instrumentation-amqplib@0.46.1':
    resolution: {integrity: sha512-AyXVnlCf/xV3K/rNumzKxZqsULyITJH6OVLiW6730JPRqWA7Zc9bvYoVNpN6iOpTU8CasH34SU/ksVJmObFibQ==}
    engines: {node: '>=14'}
    peerDependencies:
      '@opentelemetry/api': ^1.3.0

  '@opentelemetry/instrumentation-connect@0.43.0':
    resolution: {integrity: sha512-Q57JGpH6T4dkYHo9tKXONgLtxzsh1ZEW5M9A/OwKrZFyEpLqWgjhcZ3hIuVvDlhb426iDF1f9FPToV/mi5rpeA==}
    engines: {node: '>=14'}
    peerDependencies:
      '@opentelemetry/api': ^1.3.0

  '@opentelemetry/instrumentation-dataloader@0.16.0':
    resolution: {integrity: sha512-88+qCHZC02up8PwKHk0UQKLLqGGURzS3hFQBZC7PnGwReuoKjHXS1o29H58S+QkXJpkTr2GACbx8j6mUoGjNPA==}
    engines: {node: '>=14'}
    peerDependencies:
      '@opentelemetry/api': ^1.3.0

  '@opentelemetry/instrumentation-express@0.47.0':
    resolution: {integrity: sha512-XFWVx6k0XlU8lu6cBlCa29ONtVt6ADEjmxtyAyeF2+rifk8uBJbk1La0yIVfI0DoKURGbaEDTNelaXG9l/lNNQ==}
    engines: {node: '>=14'}
    peerDependencies:
      '@opentelemetry/api': ^1.3.0

  '@opentelemetry/instrumentation-fastify@0.44.1':
    resolution: {integrity: sha512-RoVeMGKcNttNfXMSl6W4fsYoCAYP1vi6ZAWIGhBY+o7R9Y0afA7f9JJL0j8LHbyb0P0QhSYk+6O56OwI2k4iRQ==}
    engines: {node: '>=14'}
    peerDependencies:
      '@opentelemetry/api': ^1.3.0

  '@opentelemetry/instrumentation-fs@0.19.0':
    resolution: {integrity: sha512-JGwmHhBkRT2G/BYNV1aGI+bBjJu4fJUD/5/Jat0EWZa2ftrLV3YE8z84Fiij/wK32oMZ88eS8DI4ecLGZhpqsQ==}
    engines: {node: '>=14'}
    peerDependencies:
      '@opentelemetry/api': ^1.3.0

  '@opentelemetry/instrumentation-generic-pool@0.43.0':
    resolution: {integrity: sha512-at8GceTtNxD1NfFKGAuwtqM41ot/TpcLh+YsGe4dhf7gvv1HW/ZWdq6nfRtS6UjIvZJOokViqLPJ3GVtZItAnQ==}
    engines: {node: '>=14'}
    peerDependencies:
      '@opentelemetry/api': ^1.3.0

  '@opentelemetry/instrumentation-graphql@0.47.0':
    resolution: {integrity: sha512-Cc8SMf+nLqp0fi8oAnooNEfwZWFnzMiBHCGmDFYqmgjPylyLmi83b+NiTns/rKGwlErpW0AGPt0sMpkbNlzn8w==}
    engines: {node: '>=14'}
    peerDependencies:
      '@opentelemetry/api': ^1.3.0

  '@opentelemetry/instrumentation-hapi@0.45.1':
    resolution: {integrity: sha512-VH6mU3YqAKTePPfUPwfq4/xr049774qWtfTuJqVHoVspCLiT3bW+fCQ1toZxt6cxRPYASoYaBsMA3CWo8B8rcw==}
    engines: {node: '>=14'}
    peerDependencies:
      '@opentelemetry/api': ^1.3.0

  '@opentelemetry/instrumentation-http@0.57.1':
    resolution: {integrity: sha512-ThLmzAQDs7b/tdKI3BV2+yawuF09jF111OFsovqT1Qj3D8vjwKBwhi/rDE5xethwn4tSXtZcJ9hBsVAlWFQZ7g==}
    engines: {node: '>=14'}
    peerDependencies:
      '@opentelemetry/api': ^1.3.0

  '@opentelemetry/instrumentation-ioredis@0.47.0':
    resolution: {integrity: sha512-4HqP9IBC8e7pW9p90P3q4ox0XlbLGme65YTrA3UTLvqvo4Z6b0puqZQP203YFu8m9rE/luLfaG7/xrwwqMUpJw==}
    engines: {node: '>=14'}
    peerDependencies:
      '@opentelemetry/api': ^1.3.0

  '@opentelemetry/instrumentation-kafkajs@0.7.0':
    resolution: {integrity: sha512-LB+3xiNzc034zHfCtgs4ITWhq6Xvdo8bsq7amR058jZlf2aXXDrN9SV4si4z2ya9QX4tz6r4eZJwDkXOp14/AQ==}
    engines: {node: '>=14'}
    peerDependencies:
      '@opentelemetry/api': ^1.3.0

  '@opentelemetry/instrumentation-knex@0.44.0':
    resolution: {integrity: sha512-SlT0+bLA0Lg3VthGje+bSZatlGHw/vwgQywx0R/5u9QC59FddTQSPJeWNw29M6f8ScORMeUOOTwihlQAn4GkJQ==}
    engines: {node: '>=14'}
    peerDependencies:
      '@opentelemetry/api': ^1.3.0

  '@opentelemetry/instrumentation-koa@0.47.0':
    resolution: {integrity: sha512-HFdvqf2+w8sWOuwtEXayGzdZ2vWpCKEQv5F7+2DSA74Te/Cv4rvb2E5So5/lh+ok4/RAIPuvCbCb/SHQFzMmbw==}
    engines: {node: '>=14'}
    peerDependencies:
      '@opentelemetry/api': ^1.3.0

  '@opentelemetry/instrumentation-lru-memoizer@0.44.0':
    resolution: {integrity: sha512-Tn7emHAlvYDFik3vGU0mdwvWJDwtITtkJ+5eT2cUquct6nIs+H8M47sqMJkCpyPe5QIBJoTOHxmc6mj9lz6zDw==}
    engines: {node: '>=14'}
    peerDependencies:
      '@opentelemetry/api': ^1.3.0

  '@opentelemetry/instrumentation-mongodb@0.51.0':
    resolution: {integrity: sha512-cMKASxCX4aFxesoj3WK8uoQ0YUrRvnfxaO72QWI2xLu5ZtgX/QvdGBlU3Ehdond5eb74c2s1cqRQUIptBnKz1g==}
    engines: {node: '>=14'}
    peerDependencies:
      '@opentelemetry/api': ^1.3.0

  '@opentelemetry/instrumentation-mongoose@0.46.0':
    resolution: {integrity: sha512-mtVv6UeaaSaWTeZtLo4cx4P5/ING2obSqfWGItIFSunQBrYROfhuVe7wdIrFUs2RH1tn2YYpAJyMaRe/bnTTIQ==}
    engines: {node: '>=14'}
    peerDependencies:
      '@opentelemetry/api': ^1.3.0

  '@opentelemetry/instrumentation-mysql2@0.45.0':
    resolution: {integrity: sha512-qLslv/EPuLj0IXFvcE3b0EqhWI8LKmrgRPIa4gUd8DllbBpqJAvLNJSv3cC6vWwovpbSI3bagNO/3Q2SuXv2xA==}
    engines: {node: '>=14'}
    peerDependencies:
      '@opentelemetry/api': ^1.3.0

  '@opentelemetry/instrumentation-mysql@0.45.0':
    resolution: {integrity: sha512-tWWyymgwYcTwZ4t8/rLDfPYbOTF3oYB8SxnYMtIQ1zEf5uDm90Ku3i6U/vhaMyfHNlIHvDhvJh+qx5Nc4Z3Acg==}
    engines: {node: '>=14'}
    peerDependencies:
      '@opentelemetry/api': ^1.3.0

  '@opentelemetry/instrumentation-nestjs-core@0.44.0':
    resolution: {integrity: sha512-t16pQ7A4WYu1yyQJZhRKIfUNvl5PAaF2pEteLvgJb/BWdd1oNuU1rOYt4S825kMy+0q4ngiX281Ss9qiwHfxFQ==}
    engines: {node: '>=14'}
    peerDependencies:
      '@opentelemetry/api': ^1.3.0

  '@opentelemetry/instrumentation-pg@0.50.0':
    resolution: {integrity: sha512-TtLxDdYZmBhFswm8UIsrDjh/HFBeDXd4BLmE8h2MxirNHewLJ0VS9UUddKKEverb5Sm2qFVjqRjcU+8Iw4FJ3w==}
    engines: {node: '>=14'}
    peerDependencies:
      '@opentelemetry/api': ^1.3.0

  '@opentelemetry/instrumentation-redis-4@0.46.0':
    resolution: {integrity: sha512-aTUWbzbFMFeRODn3720TZO0tsh/49T8H3h8vVnVKJ+yE36AeW38Uj/8zykQ/9nO8Vrtjr5yKuX3uMiG/W8FKNw==}
    engines: {node: '>=14'}
    peerDependencies:
      '@opentelemetry/api': ^1.3.0

  '@opentelemetry/instrumentation-tedious@0.18.0':
    resolution: {integrity: sha512-9zhjDpUDOtD+coeADnYEJQ0IeLVCj7w/hqzIutdp5NqS1VqTAanaEfsEcSypyvYv5DX3YOsTUoF+nr2wDXPETA==}
    engines: {node: '>=14'}
    peerDependencies:
      '@opentelemetry/api': ^1.3.0

  '@opentelemetry/instrumentation-undici@0.10.0':
    resolution: {integrity: sha512-vm+V255NGw9gaSsPD6CP0oGo8L55BffBc8KnxqsMuc6XiAD1L8SFNzsW0RHhxJFqy9CJaJh+YiJ5EHXuZ5rZBw==}
    engines: {node: '>=14'}
    peerDependencies:
      '@opentelemetry/api': ^1.7.0

  '@opentelemetry/instrumentation@0.53.0':
    resolution: {integrity: sha512-DMwg0hy4wzf7K73JJtl95m/e0boSoWhH07rfvHvYzQtBD3Bmv0Wc1x733vyZBqmFm8OjJD0/pfiUg1W3JjFX0A==}
    engines: {node: '>=14'}
    peerDependencies:
      '@opentelemetry/api': ^1.3.0

  '@opentelemetry/instrumentation@0.57.1':
    resolution: {integrity: sha512-SgHEKXoVxOjc20ZYusPG3Fh+RLIZTSa4x8QtD3NfgAUDyqdFFS9W1F2ZVbZkqDCdyMcQG02Ok4duUGLHJXHgbA==}
    engines: {node: '>=14'}
    peerDependencies:
      '@opentelemetry/api': ^1.3.0

  '@opentelemetry/instrumentation@0.57.2':
    resolution: {integrity: sha512-BdBGhQBh8IjZ2oIIX6F2/Q3LKm/FDDKi6ccYKcBTeilh6SNdNKveDOLk73BkSJjQLJk6qe4Yh+hHw1UPhCDdrg==}
    engines: {node: '>=14'}
    peerDependencies:
      '@opentelemetry/api': ^1.3.0

  '@opentelemetry/redis-common@0.36.2':
    resolution: {integrity: sha512-faYX1N0gpLhej/6nyp6bgRjzAKXn5GOEMYY7YhciSfCoITAktLUtQ36d24QEWNA1/WA1y6qQunCe0OhHRkVl9g==}
    engines: {node: '>=14'}

  '@opentelemetry/resources@1.30.1':
    resolution: {integrity: sha512-5UxZqiAgLYGFjS4s9qm5mBVo433u+dSPUFWVWXmLAD4wB65oMCoXaJP1KJa9DIYYMeHu3z4BZcStG3LC593cWA==}
    engines: {node: '>=14'}
    peerDependencies:
      '@opentelemetry/api': '>=1.0.0 <1.10.0'

  '@opentelemetry/sdk-trace-base@1.30.1':
    resolution: {integrity: sha512-jVPgBbH1gCy2Lb7X0AVQ8XAfgg0pJ4nvl8/IiQA6nxOsPvS+0zMJaFSs2ltXe0J6C8dqjcnpyqINDJmU30+uOg==}
    engines: {node: '>=14'}
    peerDependencies:
      '@opentelemetry/api': '>=1.0.0 <1.10.0'

  '@opentelemetry/semantic-conventions@1.27.0':
    resolution: {integrity: sha512-sAay1RrB+ONOem0OZanAR1ZI/k7yDpnOQSQmTMuGImUQb2y8EbSaCJ94FQluM74xoU03vlb2d2U90hZluL6nQg==}
    engines: {node: '>=14'}

  '@opentelemetry/semantic-conventions@1.28.0':
    resolution: {integrity: sha512-lp4qAiMTD4sNWW4DbKLBkfiMZ4jbAboJIGOQr5DvciMRI494OapieI9qiODpOt0XBr1LjIDy1xAGAnVs5supTA==}
    engines: {node: '>=14'}

  '@opentelemetry/semantic-conventions@1.38.0':
    resolution: {integrity: sha512-kocjix+/sSggfJhwXqClZ3i9Y/MI0fp7b+g7kCRm6psy2dsf8uApTRclwG18h8Avm7C9+fnt+O36PspJ/OzoWg==}
    engines: {node: '>=14'}

  '@opentelemetry/sql-common@0.40.1':
    resolution: {integrity: sha512-nSDlnHSqzC3pXn/wZEZVLuAuJ1MYMXPBwtv2qAbCa3847SaHItdE7SzUq/Jtb0KZmh1zfAbNi3AAMjztTT4Ugg==}
    engines: {node: '>=14'}
    peerDependencies:
      '@opentelemetry/api': ^1.1.0

  '@prisma/instrumentation@5.22.0':
    resolution: {integrity: sha512-LxccF392NN37ISGxIurUljZSh1YWnphO34V5a0+T7FVQG2u9bhAXRTJpgmQ3483woVhkraQZFF7cbRrpbw/F4Q==}

  '@sentry/core@8.55.0':
    resolution: {integrity: sha512-6g7jpbefjHYs821Z+EBJ8r4Z7LT5h80YSWRJaylGS4nW5W5Z2KXzpdnyFarv37O7QjauzVC2E+PABmpkw5/JGA==}
    engines: {node: '>=14.18'}

  '@sentry/node@8.55.0':
    resolution: {integrity: sha512-h10LJLDTRAzYgay60Oy7moMookqqSZSviCWkkmHZyaDn+4WURnPp5SKhhfrzPRQcXKrweiOwDSHBgn1tweDssg==}
    engines: {node: '>=14.18'}

  '@sentry/opentelemetry@8.55.0':
    resolution: {integrity: sha512-UvatdmSr3Xf+4PLBzJNLZ2JjG1yAPWGe/VrJlJAqyTJ2gKeTzgXJJw8rp4pbvNZO8NaTGEYhhO+scLUj0UtLAQ==}
    engines: {node: '>=14.18'}
    peerDependencies:
      '@opentelemetry/api': ^1.9.0
      '@opentelemetry/context-async-hooks': ^1.30.1
      '@opentelemetry/core': ^1.30.1
      '@opentelemetry/instrumentation': ^0.57.1
      '@opentelemetry/sdk-trace-base': ^1.30.1
      '@opentelemetry/semantic-conventions': ^1.28.0

  '@types/connect@3.4.36':
    resolution: {integrity: sha512-P63Zd/JUGq+PdrM1lv0Wv5SBYeA2+CORvbrXbngriYY0jzLUWfQMQQxOhjONEz/wlHOAxOdY7CY65rgQdTjq2w==}

  '@types/mysql@2.15.26':
    resolution: {integrity: sha512-DSLCOXhkvfS5WNNPbfn2KdICAmk8lLc+/PNvnPnF7gOdMZCxopXduqv0OQ13y/yA/zXTSikZZqVgybUxOEg6YQ==}

  '@types/node@22.19.1':
    resolution: {integrity: sha512-LCCV0HdSZZZb34qifBsyWlUmok6W7ouER+oQIGBScS8EsZsQbrtFTUrDX4hOl+CS6p7cnNC4td+qrSVGSCTUfQ==}

  '@types/pg-pool@2.0.6':
    resolution: {integrity: sha512-TaAUE5rq2VQYxab5Ts7WZhKNmuN78Q6PiFonTDdpbx8a1H0M1vhy3rhiMjl+e2iHmogyMw7jZF4FrE6eJUy5HQ==}

  '@types/pg@8.6.1':
    resolution: {integrity: sha512-1Kc4oAGzAl7uqUStZCDvaLFqZrW9qWSjXOmBfdgyBP5La7Us6Mg4GBvRlSoaZMhQF/zSj1C8CtKMBkoiT8eL8w==}

  '@types/shimmer@1.2.0':
    resolution: {integrity: sha512-UE7oxhQLLd9gub6JKIAhDq06T0F6FnztwMNRvYgjeQSBeMc1ZG/tA47EwfduvkuQS8apbkM/lpLpWsaCeYsXVg==}

  '@types/tedious@4.0.14':
    resolution: {integrity: sha512-KHPsfX/FoVbUGbyYvk1q9MMQHLPeRZhRJZdO45Q4YjvFkv4hMNghCWTvy7rdKessBsmtz4euWCWAB6/tVpI1Iw==}

  acorn-import-attributes@1.9.5:
    resolution: {integrity: sha512-n02Vykv5uA3eHGM/Z2dQrcD56kL8TyDb2p1+0P83PClMnC/nc+anbQRhIOWnSq4Ke/KvDPrY3C9hDtC/A3eHnQ==}
    peerDependencies:
      acorn: ^8

  acorn@8.15.0:
    resolution: {integrity: sha512-NZyJarBfL7nWwIq+FDL6Zp/yHEhePMNnnJ0y3qfieCrmNvYct8uvtiV41UvlSe6apAfk0fY1FbWx+NwfmpvtTg==}
    engines: {node: '>=0.4.0'}
    hasBin: true

  cjs-module-lexer@1.4.3:
    resolution: {integrity: sha512-9z8TZaGM1pfswYeXrUpzPrkx8UnWYdhJclsiYMm6x/w5+nN+8Tf/LnAgfLGQCm59qAOxU8WwHEq2vNwF6i4j+Q==}

  debug@4.4.3:
    resolution: {integrity: sha512-RGwwWnwQvkVfavKVt22FGLw+xYSdzARwm0ru6DhTVA3umU5hZc28V3kO4stgYryrTlLpuvgI9GiijltAjNbcqA==}
    engines: {node: '>=6.0'}
    peerDependencies:
      supports-color: '*'
    peerDependenciesMeta:
      supports-color:
        optional: true

  dotenv@16.6.1:
    resolution: {integrity: sha512-uBq4egWHTcTt33a72vpSG0z3HnPuIl6NqYcTrKEg2azoEyl2hpW0zqlxysq2pK9HlDIHyHyakeYaYnSAwd8bow==}
    engines: {node: '>=12'}

  esbuild@0.27.1:
    resolution: {integrity: sha512-yY35KZckJJuVVPXpvjgxiCuVEJT67F6zDeVTv4rizyPrfGBUpZQsvmxnN+C371c2esD/hNMjj4tpBhuueLN7aA==}
    engines: {node: '>=18'}
    hasBin: true

  forwarded-parse@2.1.2:
    resolution: {integrity: sha512-alTFZZQDKMporBH77856pXgzhEzaUVmLCDk+egLgIgHst3Tpndzz8MnKe+GzRJRfvVdn69HhpW7cmXzvtLvJAw==}

  fsevents@2.3.3:
    resolution: {integrity: sha512-5xoDfX+fL7faATnagmWPpbFtwh/R77WmMMqqHGS65C3vvB0YHrgF+B1YmZ3441tMj5n63k0212XNoJwzlhffQw==}
    engines: {node: ^8.16.0 || ^10.6.0 || >=11.0.0}
    os: [darwin]

  function-bind@1.1.2:
    resolution: {integrity: sha512-7XHNxH7qX9xG5mIwxkhumTox/MIRNcOgDrxWsMt2pAr23WHp6MrRlN7FBSFpCpr+oVO0F744iUgR82nJMfG2SA==}

  get-tsconfig@4.13.0:
    resolution: {integrity: sha512-1VKTZJCwBrvbd+Wn3AOgQP/2Av+TfTCOlE4AcRJE72W1ksZXbAx8PPBR9RzgTeSPzlPMHrbANMH3LbltH73wxQ==}

  hasown@2.0.2:
    resolution: {integrity: sha512-0hJU9SCPvmMzIBdZFqNPXWa6dqh7WdH0cII9y+CyS8rG3nL48Bclra9HmKhVVUHyPWNH5Y7xDwAB7bfgSjkUMQ==}
    engines: {node: '>= 0.4'}

  import-in-the-middle@1.15.0:
    resolution: {integrity: sha512-bpQy+CrsRmYmoPMAE/0G33iwRqwW4ouqdRg8jgbH3aKuCtOc8lxgmYXg2dMM92CRiGP660EtBcymH/eVUpCSaA==}

  is-core-module@2.16.1:
    resolution: {integrity: sha512-UfoeMA6fIJ8wTYFEUjelnaGI67v6+N7qXJEvQuIGa99l4xsCruSYOVSQ0uPANn4dAzm8lkYPaKLrrijLq7x23w==}
    engines: {node: '>= 0.4'}

  json-schema@0.4.0:
    resolution: {integrity: sha512-es94M3nTIfsEPisRafak+HDLfHXnKBhV3vU5eqPcS3flIWqcxJWgXHXiey3YrpaNsanY5ei1VoYEbOzijuq9BA==}

  module-details-from-path@1.0.4:
    resolution: {integrity: sha512-EGWKgxALGMgzvxYF1UyGTy0HXX/2vHLkw6+NvDKW2jypWbHpjQuj4UMcqQWXHERJhVGKikolT06G3bcKe4fi7w==}

  ms@2.1.3:
    resolution: {integrity: sha512-6FlzubTLZG3J2a/NVCAleEhjzq5oxgHyaCU9yYXvcLsvoVaHJq/s5xXI6/XXP6tz7R9xAOtHnSO/tXtF3WRTlA==}

  path-parse@1.0.7:
    resolution: {integrity: sha512-LDJzPVEEEPR+y48z93A0Ed0yXb8pAByGWo/k5YYdYgpY2/2EsOsksJrq7lOHxryrVOn1ejG6oAp8ahvOIQD8sw==}

  pg-int8@1.0.1:
    resolution: {integrity: sha512-WCtabS6t3c8SkpDBUlb1kjOs7l66xsGdKpIPZsg4wR+B3+u9UAum2odSsF9tnvxg80h4ZxLWMy4pRjOsFIqQpw==}
    engines: {node: '>=4.0.0'}

  pg-protocol@1.10.3:
    resolution: {integrity: sha512-6DIBgBQaTKDJyxnXaLiLR8wBpQQcGWuAESkRBX/t6OwA8YsqP+iVSiond2EDy6Y/dsGk8rh/jtax3js5NeV7JQ==}

  pg-types@2.2.0:
    resolution: {integrity: sha512-qTAAlrEsl8s4OiEQY69wDvcMIdQN6wdz5ojQiOy6YRMuynxenON0O5oCpJI6lshc6scgAY8qvJ2On/p+CXY0GA==}
    engines: {node: '>=4'}

  postgres-array@2.0.0:
    resolution: {integrity: sha512-VpZrUqU5A69eQyW2c5CA1jtLecCsN2U/bD6VilrFDWq5+5UIEVO7nazS3TEcHf1zuPYO/sqGvUvW62g86RXZuA==}
    engines: {node: '>=4'}

  postgres-bytea@1.0.0:
    resolution: {integrity: sha512-xy3pmLuQqRBZBXDULy7KbaitYqLcmxigw14Q5sj8QBVLqEwXfeybIKVWiqAXTlcvdvb0+xkOtDbfQMOf4lST1w==}
    engines: {node: '>=0.10.0'}

  postgres-date@1.0.7:
    resolution: {integrity: sha512-suDmjLVQg78nMK2UZ454hAG+OAW+HQPZ6n++TNDUX+L0+uUlLywnoxJKDou51Zm+zTCjrCl0Nq6J9C5hP9vK/Q==}
    engines: {node: '>=0.10.0'}

  postgres-interval@1.2.0:
    resolution: {integrity: sha512-9ZhXKM/rw350N1ovuWHbGxnGh/SNJ4cnxHiM0rxE4VN41wsg8P8zWn9hv/buK00RP4WvlOyr/RBDiptyxVbkZQ==}
    engines: {node: '>=0.10.0'}

  require-in-the-middle@7.5.2:
    resolution: {integrity: sha512-gAZ+kLqBdHarXB64XpAe2VCjB7rIRv+mU8tfRWziHRJ5umKsIHN2tLLv6EtMw7WCdP19S0ERVMldNvxYCHnhSQ==}
    engines: {node: '>=8.6.0'}

  resolve-pkg-maps@1.0.0:
    resolution: {integrity: sha512-seS2Tj26TBVOC2NIc2rOe2y2ZO7efxITtLZcGSOnHHNOQ7CkiUBfw0Iw2ck6xkIhPwLhKNLS8BO+hEpngQlqzw==}

  resolve@1.22.11:
    resolution: {integrity: sha512-RfqAvLnMl313r7c9oclB1HhUEAezcpLjz95wFH4LVuhk9JF/r22qmVP9AMmOU4vMX7Q8pN8jwNg/CSpdFnMjTQ==}
    engines: {node: '>= 0.4'}
    hasBin: true

  semver@7.7.3:
    resolution: {integrity: sha512-SdsKMrI9TdgjdweUSR9MweHA4EJ8YxHn8DFaDisvhVlUOe4BF1tLD7GAj0lIqWVl+dPb/rExr0Btby5loQm20Q==}
    engines: {node: '>=10'}
    hasBin: true

  shimmer@1.2.1:
    resolution: {integrity: sha512-sQTKC1Re/rM6XyFM6fIAGHRPVGvyXfgzIDvzoq608vM+jeyVD0Tu1E6Np0Kc2zAIFWIj963V2800iF/9LPieQw==}

  supports-preserve-symlinks-flag@1.0.0:
    resolution: {integrity: sha512-ot0WnXS9fgdkgIcePe6RHNk1WA8+muPa6cSjeR3V8K27q9BB1rTE3R1p7Hv0z1ZyAc8s6Vvv8DIyWf681MAt0w==}
    engines: {node: '>= 0.4'}

  tsx@4.21.0:
    resolution: {integrity: sha512-5C1sg4USs1lfG0GFb2RLXsdpXqBSEhAaA/0kPL01wxzpMqLILNxIxIOKiILz+cdg/pLnOUxFYOR5yhHU666wbw==}
    engines: {node: '>=18.0.0'}
    hasBin: true

  typescript@5.9.3:
    resolution: {integrity: sha512-jl1vZzPDinLr9eUt3J/t7V6FgNEw9QjvBPdysz9KfQDD41fQrC2Y4vKQdiaUpFT4bXlb1RHhLpp8wtm6M5TgSw==}
    engines: {node: '>=14.17'}
    hasBin: true

  undici-types@6.21.0:
    resolution: {integrity: sha512-iwDZqg0QAGrg9Rav5H4n0M64c3mkR59cJ6wQp+7C4nI0gsmExaedaYLNO44eT4AtBBwjbTiGPMlt2Md0T9H9JQ==}

  xtend@4.0.2:
    resolution: {integrity: sha512-LKYU1iAXJXUgAXn9URjiu+MWhyUXHsvfp7mcuYm9dSUKK0/CjtrUwFAxD82/mCWbtLsGjFIad0wIsod4zrTAEQ==}
    engines: {node: '>=0.4'}

  zod@3.25.76:
    resolution: {integrity: sha512-gzUt/qt81nXsFGKIFcC3YnfEAx5NkunCfnDlvuBSSFS02bcXu4Lmea0AFIUwbLWxWPx3d9p8S5QoaujKcNQxcQ==}

snapshots:

  '@ai-sdk/provider@2.0.0':
    dependencies:
      json-schema: 0.4.0

  '@esbuild/aix-ppc64@0.27.1':
    optional: true

  '@esbuild/android-arm64@0.27.1':
    optional: true

  '@esbuild/android-arm@0.27.1':
    optional: true

  '@esbuild/android-x64@0.27.1':
    optional: true

  '@esbuild/darwin-arm64@0.27.1':
    optional: true

  '@esbuild/darwin-x64@0.27.1':
    optional: true

  '@esbuild/freebsd-arm64@0.27.1':
    optional: true

  '@esbuild/freebsd-x64@0.27.1':
    optional: true

  '@esbuild/linux-arm64@0.27.1':
    optional: true

  '@esbuild/linux-arm@0.27.1':
    optional: true

  '@esbuild/linux-ia32@0.27.1':
    optional: true

  '@esbuild/linux-loong64@0.27.1':
    optional: true

  '@esbuild/linux-mips64el@0.27.1':
    optional: true

  '@esbuild/linux-ppc64@0.27.1':
    optional: true

  '@esbuild/linux-riscv64@0.27.1':
    optional: true

  '@esbuild/linux-s390x@0.27.1':
    optional: true

  '@esbuild/linux-x64@0.27.1':
    optional: true

  '@esbuild/netbsd-arm64@0.27.1':
    optional: true

  '@esbuild/netbsd-x64@0.27.1':
    optional: true

  '@esbuild/openbsd-arm64@0.27.1':
    optional: true

  '@esbuild/openbsd-x64@0.27.1':
    optional: true

  '@esbuild/openharmony-arm64@0.27.1':
    optional: true

  '@esbuild/sunos-x64@0.27.1':
    optional: true

  '@esbuild/win32-arm64@0.27.1':
    optional: true

  '@esbuild/win32-ia32@0.27.1':
    optional: true

  '@esbuild/win32-x64@0.27.1':
    optional: true

  '@opentelemetry/api-logs@0.53.0':
    dependencies:
      '@opentelemetry/api': 1.9.0

  '@opentelemetry/api-logs@0.57.1':
    dependencies:
      '@opentelemetry/api': 1.9.0

  '@opentelemetry/api-logs@0.57.2':
    dependencies:
      '@opentelemetry/api': 1.9.0

  '@opentelemetry/api@1.9.0': {}

  '@opentelemetry/context-async-hooks@1.30.1(@opentelemetry/api@1.9.0)':
    dependencies:
      '@opentelemetry/api': 1.9.0

  '@opentelemetry/core@1.30.1(@opentelemetry/api@1.9.0)':
    dependencies:
      '@opentelemetry/api': 1.9.0
      '@opentelemetry/semantic-conventions': 1.28.0

  '@opentelemetry/instrumentation-amqplib@0.46.1(@opentelemetry/api@1.9.0)':
    dependencies:
      '@opentelemetry/api': 1.9.0
      '@opentelemetry/core': 1.30.1(@opentelemetry/api@1.9.0)
      '@opentelemetry/instrumentation': 0.57.2(@opentelemetry/api@1.9.0)
      '@opentelemetry/semantic-conventions': 1.38.0
    transitivePeerDependencies:
      - supports-color

  '@opentelemetry/instrumentation-connect@0.43.0(@opentelemetry/api@1.9.0)':
    dependencies:
      '@opentelemetry/api': 1.9.0
      '@opentelemetry/core': 1.30.1(@opentelemetry/api@1.9.0)
      '@opentelemetry/instrumentation': 0.57.2(@opentelemetry/api@1.9.0)
      '@opentelemetry/semantic-conventions': 1.38.0
      '@types/connect': 3.4.36
    transitivePeerDependencies:
      - supports-color

  '@opentelemetry/instrumentation-dataloader@0.16.0(@opentelemetry/api@1.9.0)':
    dependencies:
      '@opentelemetry/api': 1.9.0
      '@opentelemetry/instrumentation': 0.57.2(@opentelemetry/api@1.9.0)
    transitivePeerDependencies:
      - supports-color

  '@opentelemetry/instrumentation-express@0.47.0(@opentelemetry/api@1.9.0)':
    dependencies:
      '@opentelemetry/api': 1.9.0
      '@opentelemetry/core': 1.30.1(@opentelemetry/api@1.9.0)
      '@opentelemetry/instrumentation': 0.57.2(@opentelemetry/api@1.9.0)
      '@opentelemetry/semantic-conventions': 1.38.0
    transitivePeerDependencies:
      - supports-color

  '@opentelemetry/instrumentation-fastify@0.44.1(@opentelemetry/api@1.9.0)':
    dependencies:
      '@opentelemetry/api': 1.9.0
      '@opentelemetry/core': 1.30.1(@opentelemetry/api@1.9.0)
      '@opentelemetry/instrumentation': 0.57.2(@opentelemetry/api@1.9.0)
      '@opentelemetry/semantic-conventions': 1.38.0
    transitivePeerDependencies:
      - supports-color

  '@opentelemetry/instrumentation-fs@0.19.0(@opentelemetry/api@1.9.0)':
    dependencies:
      '@opentelemetry/api': 1.9.0
      '@opentelemetry/core': 1.30.1(@opentelemetry/api@1.9.0)
      '@opentelemetry/instrumentation': 0.57.2(@opentelemetry/api@1.9.0)
    transitivePeerDependencies:
      - supports-color

  '@opentelemetry/instrumentation-generic-pool@0.43.0(@opentelemetry/api@1.9.0)':
    dependencies:
      '@opentelemetry/api': 1.9.0
      '@opentelemetry/instrumentation': 0.57.2(@opentelemetry/api@1.9.0)
    transitivePeerDependencies:
      - supports-color

  '@opentelemetry/instrumentation-graphql@0.47.0(@opentelemetry/api@1.9.0)':
    dependencies:
      '@opentelemetry/api': 1.9.0
      '@opentelemetry/instrumentation': 0.57.2(@opentelemetry/api@1.9.0)
    transitivePeerDependencies:
      - supports-color

  '@opentelemetry/instrumentation-hapi@0.45.1(@opentelemetry/api@1.9.0)':
    dependencies:
      '@opentelemetry/api': 1.9.0
      '@opentelemetry/core': 1.30.1(@opentelemetry/api@1.9.0)
      '@opentelemetry/instrumentation': 0.57.2(@opentelemetry/api@1.9.0)
      '@opentelemetry/semantic-conventions': 1.38.0
    transitivePeerDependencies:
      - supports-color

  '@opentelemetry/instrumentation-http@0.57.1(@opentelemetry/api@1.9.0)':
    dependencies:
      '@opentelemetry/api': 1.9.0
      '@opentelemetry/core': 1.30.1(@opentelemetry/api@1.9.0)
      '@opentelemetry/instrumentation': 0.57.1(@opentelemetry/api@1.9.0)
      '@opentelemetry/semantic-conventions': 1.28.0
      forwarded-parse: 2.1.2
      semver: 7.7.3
    transitivePeerDependencies:
      - supports-color

  '@opentelemetry/instrumentation-ioredis@0.47.0(@opentelemetry/api@1.9.0)':
    dependencies:
      '@opentelemetry/api': 1.9.0
      '@opentelemetry/instrumentation': 0.57.2(@opentelemetry/api@1.9.0)
      '@opentelemetry/redis-common': 0.36.2
      '@opentelemetry/semantic-conventions': 1.38.0
    transitivePeerDependencies:
      - supports-color

  '@opentelemetry/instrumentation-kafkajs@0.7.0(@opentelemetry/api@1.9.0)':
    dependencies:
      '@opentelemetry/api': 1.9.0
      '@opentelemetry/instrumentation': 0.57.2(@opentelemetry/api@1.9.0)
      '@opentelemetry/semantic-conventions': 1.38.0
    transitivePeerDependencies:
      - supports-color

  '@opentelemetry/instrumentation-knex@0.44.0(@opentelemetry/api@1.9.0)':
    dependencies:
      '@opentelemetry/api': 1.9.0
      '@opentelemetry/instrumentation': 0.57.2(@opentelemetry/api@1.9.0)
      '@opentelemetry/semantic-conventions': 1.38.0
    transitivePeerDependencies:
      - supports-color

  '@opentelemetry/instrumentation-koa@0.47.0(@opentelemetry/api@1.9.0)':
    dependencies:
      '@opentelemetry/api': 1.9.0
      '@opentelemetry/core': 1.30.1(@opentelemetry/api@1.9.0)
      '@opentelemetry/instrumentation': 0.57.2(@opentelemetry/api@1.9.0)
      '@opentelemetry/semantic-conventions': 1.38.0
    transitivePeerDependencies:
      - supports-color

  '@opentelemetry/instrumentation-lru-memoizer@0.44.0(@opentelemetry/api@1.9.0)':
    dependencies:
      '@opentelemetry/api': 1.9.0
      '@opentelemetry/instrumentation': 0.57.2(@opentelemetry/api@1.9.0)
    transitivePeerDependencies:
      - supports-color

  '@opentelemetry/instrumentation-mongodb@0.51.0(@opentelemetry/api@1.9.0)':
    dependencies:
      '@opentelemetry/api': 1.9.0
      '@opentelemetry/instrumentation': 0.57.2(@opentelemetry/api@1.9.0)
      '@opentelemetry/semantic-conventions': 1.38.0
    transitivePeerDependencies:
      - supports-color

  '@opentelemetry/instrumentation-mongoose@0.46.0(@opentelemetry/api@1.9.0)':
    dependencies:
      '@opentelemetry/api': 1.9.0
      '@opentelemetry/core': 1.30.1(@opentelemetry/api@1.9.0)
      '@opentelemetry/instrumentation': 0.57.2(@opentelemetry/api@1.9.0)
      '@opentelemetry/semantic-conventions': 1.38.0
    transitivePeerDependencies:
      - supports-color

  '@opentelemetry/instrumentation-mysql2@0.45.0(@opentelemetry/api@1.9.0)':
    dependencies:
      '@opentelemetry/api': 1.9.0
      '@opentelemetry/instrumentation': 0.57.2(@opentelemetry/api@1.9.0)
      '@opentelemetry/semantic-conventions': 1.38.0
      '@opentelemetry/sql-common': 0.40.1(@opentelemetry/api@1.9.0)
    transitivePeerDependencies:
      - supports-color

  '@opentelemetry/instrumentation-mysql@0.45.0(@opentelemetry/api@1.9.0)':
    dependencies:
      '@opentelemetry/api': 1.9.0
      '@opentelemetry/instrumentation': 0.57.2(@opentelemetry/api@1.9.0)
      '@opentelemetry/semantic-conventions': 1.38.0
      '@types/mysql': 2.15.26
    transitivePeerDependencies:
      - supports-color

  '@opentelemetry/instrumentation-nestjs-core@0.44.0(@opentelemetry/api@1.9.0)':
    dependencies:
      '@opentelemetry/api': 1.9.0
      '@opentelemetry/instrumentation': 0.57.2(@opentelemetry/api@1.9.0)
      '@opentelemetry/semantic-conventions': 1.38.0
    transitivePeerDependencies:
      - supports-color

  '@opentelemetry/instrumentation-pg@0.50.0(@opentelemetry/api@1.9.0)':
    dependencies:
      '@opentelemetry/api': 1.9.0
      '@opentelemetry/core': 1.30.1(@opentelemetry/api@1.9.0)
      '@opentelemetry/instrumentation': 0.57.2(@opentelemetry/api@1.9.0)
      '@opentelemetry/semantic-conventions': 1.27.0
      '@opentelemetry/sql-common': 0.40.1(@opentelemetry/api@1.9.0)
      '@types/pg': 8.6.1
      '@types/pg-pool': 2.0.6
    transitivePeerDependencies:
      - supports-color

  '@opentelemetry/instrumentation-redis-4@0.46.0(@opentelemetry/api@1.9.0)':
    dependencies:
      '@opentelemetry/api': 1.9.0
      '@opentelemetry/instrumentation': 0.57.2(@opentelemetry/api@1.9.0)
      '@opentelemetry/redis-common': 0.36.2
      '@opentelemetry/semantic-conventions': 1.38.0
    transitivePeerDependencies:
      - supports-color

  '@opentelemetry/instrumentation-tedious@0.18.0(@opentelemetry/api@1.9.0)':
    dependencies:
      '@opentelemetry/api': 1.9.0
      '@opentelemetry/instrumentation': 0.57.2(@opentelemetry/api@1.9.0)
      '@opentelemetry/semantic-conventions': 1.38.0
      '@types/tedious': 4.0.14
    transitivePeerDependencies:
      - supports-color

  '@opentelemetry/instrumentation-undici@0.10.0(@opentelemetry/api@1.9.0)':
    dependencies:
      '@opentelemetry/api': 1.9.0
      '@opentelemetry/core': 1.30.1(@opentelemetry/api@1.9.0)
      '@opentelemetry/instrumentation': 0.57.2(@opentelemetry/api@1.9.0)
    transitivePeerDependencies:
      - supports-color

  '@opentelemetry/instrumentation@0.53.0(@opentelemetry/api@1.9.0)':
    dependencies:
      '@opentelemetry/api': 1.9.0
      '@opentelemetry/api-logs': 0.53.0
      '@types/shimmer': 1.2.0
      import-in-the-middle: 1.15.0
      require-in-the-middle: 7.5.2
      semver: 7.7.3
      shimmer: 1.2.1
    transitivePeerDependencies:
      - supports-color

  '@opentelemetry/instrumentation@0.57.1(@opentelemetry/api@1.9.0)':
    dependencies:
      '@opentelemetry/api': 1.9.0
      '@opentelemetry/api-logs': 0.57.1
      '@types/shimmer': 1.2.0
      import-in-the-middle: 1.15.0
      require-in-the-middle: 7.5.2
      semver: 7.7.3
      shimmer: 1.2.1
    transitivePeerDependencies:
      - supports-color

  '@opentelemetry/instrumentation@0.57.2(@opentelemetry/api@1.9.0)':
    dependencies:
      '@opentelemetry/api': 1.9.0
      '@opentelemetry/api-logs': 0.57.2
      '@types/shimmer': 1.2.0
      import-in-the-middle: 1.15.0
      require-in-the-middle: 7.5.2
      semver: 7.7.3
      shimmer: 1.2.1
    transitivePeerDependencies:
      - supports-color

  '@opentelemetry/redis-common@0.36.2': {}

  '@opentelemetry/resources@1.30.1(@opentelemetry/api@1.9.0)':
    dependencies:
      '@opentelemetry/api': 1.9.0
      '@opentelemetry/core': 1.30.1(@opentelemetry/api@1.9.0)
      '@opentelemetry/semantic-conventions': 1.28.0

  '@opentelemetry/sdk-trace-base@1.30.1(@opentelemetry/api@1.9.0)':
    dependencies:
      '@opentelemetry/api': 1.9.0
      '@opentelemetry/core': 1.30.1(@opentelemetry/api@1.9.0)
      '@opentelemetry/resources': 1.30.1(@opentelemetry/api@1.9.0)
      '@opentelemetry/semantic-conventions': 1.28.0

  '@opentelemetry/semantic-conventions@1.27.0': {}

  '@opentelemetry/semantic-conventions@1.28.0': {}

  '@opentelemetry/semantic-conventions@1.38.0': {}

  '@opentelemetry/sql-common@0.40.1(@opentelemetry/api@1.9.0)':
    dependencies:
      '@opentelemetry/api': 1.9.0
      '@opentelemetry/core': 1.30.1(@opentelemetry/api@1.9.0)

  '@prisma/instrumentation@5.22.0':
    dependencies:
      '@opentelemetry/api': 1.9.0
      '@opentelemetry/instrumentation': 0.53.0(@opentelemetry/api@1.9.0)
      '@opentelemetry/sdk-trace-base': 1.30.1(@opentelemetry/api@1.9.0)
    transitivePeerDependencies:
      - supports-color

  '@sentry/core@8.55.0': {}

  '@sentry/node@8.55.0':
    dependencies:
      '@opentelemetry/api': 1.9.0
      '@opentelemetry/context-async-hooks': 1.30.1(@opentelemetry/api@1.9.0)
      '@opentelemetry/core': 1.30.1(@opentelemetry/api@1.9.0)
      '@opentelemetry/instrumentation': 0.57.2(@opentelemetry/api@1.9.0)
      '@opentelemetry/instrumentation-amqplib': 0.46.1(@opentelemetry/api@1.9.0)
      '@opentelemetry/instrumentation-connect': 0.43.0(@opentelemetry/api@1.9.0)
      '@opentelemetry/instrumentation-dataloader': 0.16.0(@opentelemetry/api@1.9.0)
      '@opentelemetry/instrumentation-express': 0.47.0(@opentelemetry/api@1.9.0)
      '@opentelemetry/instrumentation-fastify': 0.44.1(@opentelemetry/api@1.9.0)
      '@opentelemetry/instrumentation-fs': 0.19.0(@opentelemetry/api@1.9.0)
      '@opentelemetry/instrumentation-generic-pool': 0.43.0(@opentelemetry/api@1.9.0)
      '@opentelemetry/instrumentation-graphql': 0.47.0(@opentelemetry/api@1.9.0)
      '@opentelemetry/instrumentation-hapi': 0.45.1(@opentelemetry/api@1.9.0)
      '@opentelemetry/instrumentation-http': 0.57.1(@opentelemetry/api@1.9.0)
      '@opentelemetry/instrumentation-ioredis': 0.47.0(@opentelemetry/api@1.9.0)
      '@opentelemetry/instrumentation-kafkajs': 0.7.0(@opentelemetry/api@1.9.0)
      '@opentelemetry/instrumentation-knex': 0.44.0(@opentelemetry/api@1.9.0)
      '@opentelemetry/instrumentation-koa': 0.47.0(@opentelemetry/api@1.9.0)
      '@opentelemetry/instrumentation-lru-memoizer': 0.44.0(@opentelemetry/api@1.9.0)
      '@opentelemetry/instrumentation-mongodb': 0.51.0(@opentelemetry/api@1.9.0)
      '@opentelemetry/instrumentation-mongoose': 0.46.0(@opentelemetry/api@1.9.0)
      '@opentelemetry/instrumentation-mysql': 0.45.0(@opentelemetry/api@1.9.0)
      '@opentelemetry/instrumentation-mysql2': 0.45.0(@opentelemetry/api@1.9.0)
      '@opentelemetry/instrumentation-nestjs-core': 0.44.0(@opentelemetry/api@1.9.0)
      '@opentelemetry/instrumentation-pg': 0.50.0(@opentelemetry/api@1.9.0)
      '@opentelemetry/instrumentation-redis-4': 0.46.0(@opentelemetry/api@1.9.0)
      '@opentelemetry/instrumentation-tedious': 0.18.0(@opentelemetry/api@1.9.0)
      '@opentelemetry/instrumentation-undici': 0.10.0(@opentelemetry/api@1.9.0)
      '@opentelemetry/resources': 1.30.1(@opentelemetry/api@1.9.0)
      '@opentelemetry/sdk-trace-base': 1.30.1(@opentelemetry/api@1.9.0)
      '@opentelemetry/semantic-conventions': 1.38.0
      '@prisma/instrumentation': 5.22.0
      '@sentry/core': 8.55.0
      '@sentry/opentelemetry': 8.55.0(@opentelemetry/api@1.9.0)(@opentelemetry/context-async-hooks@1.30.1(@opentelemetry/api@1.9.0))(@opentelemetry/core@1.30.1(@opentelemetry/api@1.9.0))(@opentelemetry/instrumentation@0.57.2(@opentelemetry/api@1.9.0))(@opentelemetry/sdk-trace-base@1.30.1(@opentelemetry/api@1.9.0))(@opentelemetry/semantic-conventions@1.38.0)
      import-in-the-middle: 1.15.0
    transitivePeerDependencies:
      - supports-color

  '@sentry/opentelemetry@8.55.0(@opentelemetry/api@1.9.0)(@opentelemetry/context-async-hooks@1.30.1(@opentelemetry/api@1.9.0))(@opentelemetry/core@1.30.1(@opentelemetry/api@1.9.0))(@opentelemetry/instrumentation@0.57.2(@opentelemetry/api@1.9.0))(@opentelemetry/sdk-trace-base@1.30.1(@opentelemetry/api@1.9.0))(@opentelemetry/semantic-conventions@1.38.0)':
    dependencies:
      '@opentelemetry/api': 1.9.0
      '@opentelemetry/context-async-hooks': 1.30.1(@opentelemetry/api@1.9.0)
      '@opentelemetry/core': 1.30.1(@opentelemetry/api@1.9.0)
      '@opentelemetry/instrumentation': 0.57.2(@opentelemetry/api@1.9.0)
      '@opentelemetry/sdk-trace-base': 1.30.1(@opentelemetry/api@1.9.0)
      '@opentelemetry/semantic-conventions': 1.38.0
      '@sentry/core': 8.55.0

  '@types/connect@3.4.36':
    dependencies:
      '@types/node': 22.19.1

  '@types/mysql@2.15.26':
    dependencies:
      '@types/node': 22.19.1

  '@types/node@22.19.1':
    dependencies:
      undici-types: 6.21.0

  '@types/pg-pool@2.0.6':
    dependencies:
      '@types/pg': 8.6.1

  '@types/pg@8.6.1':
    dependencies:
      '@types/node': 22.19.1
      pg-protocol: 1.10.3
      pg-types: 2.2.0

  '@types/shimmer@1.2.0': {}

  '@types/tedious@4.0.14':
    dependencies:
      '@types/node': 22.19.1

  acorn-import-attributes@1.9.5(acorn@8.15.0):
    dependencies:
      acorn: 8.15.0

  acorn@8.15.0: {}

  cjs-module-lexer@1.4.3: {}

  debug@4.4.3:
    dependencies:
      ms: 2.1.3

  dotenv@16.6.1: {}

  esbuild@0.27.1:
    optionalDependencies:
      '@esbuild/aix-ppc64': 0.27.1
      '@esbuild/android-arm': 0.27.1
      '@esbuild/android-arm64': 0.27.1
      '@esbuild/android-x64': 0.27.1
      '@esbuild/darwin-arm64': 0.27.1
      '@esbuild/darwin-x64': 0.27.1
      '@esbuild/freebsd-arm64': 0.27.1
      '@esbuild/freebsd-x64': 0.27.1
      '@esbuild/linux-arm': 0.27.1
      '@esbuild/linux-arm64': 0.27.1
      '@esbuild/linux-ia32': 0.27.1
      '@esbuild/linux-loong64': 0.27.1
      '@esbuild/linux-mips64el': 0.27.1
      '@esbuild/linux-ppc64': 0.27.1
      '@esbuild/linux-riscv64': 0.27.1
      '@esbuild/linux-s390x': 0.27.1
      '@esbuild/linux-x64': 0.27.1
      '@esbuild/netbsd-arm64': 0.27.1
      '@esbuild/netbsd-x64': 0.27.1
      '@esbuild/openbsd-arm64': 0.27.1
      '@esbuild/openbsd-x64': 0.27.1
      '@esbuild/openharmony-arm64': 0.27.1
      '@esbuild/sunos-x64': 0.27.1
      '@esbuild/win32-arm64': 0.27.1
      '@esbuild/win32-ia32': 0.27.1
      '@esbuild/win32-x64': 0.27.1

  forwarded-parse@2.1.2: {}

  fsevents@2.3.3:
    optional: true

  function-bind@1.1.2: {}

  get-tsconfig@4.13.0:
    dependencies:
      resolve-pkg-maps: 1.0.0

  hasown@2.0.2:
    dependencies:
      function-bind: 1.1.2

  import-in-the-middle@1.15.0:
    dependencies:
      acorn: 8.15.0
      acorn-import-attributes: 1.9.5(acorn@8.15.0)
      cjs-module-lexer: 1.4.3
      module-details-from-path: 1.0.4

  is-core-module@2.16.1:
    dependencies:
      hasown: 2.0.2

  json-schema@0.4.0: {}

  module-details-from-path@1.0.4: {}

  ms@2.1.3: {}

  path-parse@1.0.7: {}

  pg-int8@1.0.1: {}

  pg-protocol@1.10.3: {}

  pg-types@2.2.0:
    dependencies:
      pg-int8: 1.0.1
      postgres-array: 2.0.0
      postgres-bytea: 1.0.0
      postgres-date: 1.0.7
      postgres-interval: 1.2.0

  postgres-array@2.0.0: {}

  postgres-bytea@1.0.0: {}

  postgres-date@1.0.7: {}

  postgres-interval@1.2.0:
    dependencies:
      xtend: 4.0.2

  require-in-the-middle@7.5.2:
    dependencies:
      debug: 4.4.3
      module-details-from-path: 1.0.4
      resolve: 1.22.11
    transitivePeerDependencies:
      - supports-color

  resolve-pkg-maps@1.0.0: {}

  resolve@1.22.11:
    dependencies:
      is-core-module: 2.16.1
      path-parse: 1.0.7
      supports-preserve-symlinks-flag: 1.0.0

  semver@7.7.3: {}

  shimmer@1.2.1: {}

  supports-preserve-symlinks-flag@1.0.0: {}

  tsx@4.21.0:
    dependencies:
      esbuild: 0.27.1
      get-tsconfig: 4.13.0
    optionalDependencies:
      fsevents: 2.3.3

  typescript@5.9.3: {}

  undici-types@6.21.0: {}

  xtend@4.0.2: {}

  zod@3.25.76: {}
